
Microsoft Visual Studio Solution File, Format Version 12.00
# Visual Studio Version 16
VisualStudioVersion = 16.0.31729.503
MinimumVisualStudioVersion = 10.0.40219.1
Project("{FAE04EC0-301F-11D3-BF4B-00C04F79EFBC}") = "relation", "relation\relation.csproj", "{4AC4DDB5-A672-4141-B884-7D550D5BFF00}"
EndProject
Global
	GlobalSection(SolutionConfigurationPlatforms) = preSolution
		Debug|Any CPU = Debug|Any CPU
		Release|Any CPU = Release|Any CPU
	EndGlobalSection
	GlobalSection(ProjectConfigurationPlatforms) = postSolution
		{4AC4DDB5-A672-4141-B884-7D550D5BFF00}.Debug|Any CPU.ActiveCfg = Debug|Any CPU
		{4AC4DDB5-A672-4141-B884-7D550D5BFF00}.Debug|Any CPU.Build.0 = Debug|Any CPU
		{4AC4DDB5-A672-4141-B884-7D550D5BFF00}.Release|Any CPU.ActiveCfg = Release|Any CPU
		{4AC4DDB5-A672-4141-B884-7D550D5BFF00}.Release|Any CPU.Build.0 = Release|Any CPU
	EndGlobalSection
	GlobalSection(SolutionProperties) = preSolution
		HideSolutionNode = FALSE
	EndGlobalSection
	GlobalSection(ExtensibilityGlobals) = postSolution
		SolutionGuid = {FE0F4781-83DA-47CC-AB13-81AC785C853A}
	EndGlobalSection
EndGlobal
